
Microsoft Visual Studio Solution File, Format Version 12.00
# Visual Studio Version 16
VisualStudioVersion = 16.0.28803.156
MinimumVisualStudioVersion = 10.0.40219.1
Project("{FAE04EC0-301F-11D3-BF4B-00C04F79EFBC}") = "BookDiscussions", "BookDiscussions\BookDiscussions.csproj", "{0D9A7B8D-0EF6-4B05-8743-2186F14E84EF}"
EndProject
Global
	GlobalSection(SolutionConfigurationPlatforms) = preSolution
		Debug|Any CPU = Debug|Any CPU
		Release|Any CPU = Release|Any CPU
	EndGlobalSection
	GlobalSection(ProjectConfigurationPlatforms) = postSolution
		{0D9A7B8D-0EF6-4B05-8743-2186F14E84EF}.Debug|Any CPU.ActiveCfg = Debug|Any CPU
		{0D9A7B8D-0EF6-4B05-8743-2186F14E84EF}.Debug|Any CPU.Build.0 = Debug|Any CPU
		{0D9A7B8D-0EF6-4B05-8743-2186F14E84EF}.Release|Any CPU.ActiveCfg = Release|Any CPU
		{0D9A7B8D-0EF6-4B05-8743-2186F14E84EF}.Release|Any CPU.Build.0 = Release|Any CPU
	EndGlobalSection
	GlobalSection(SolutionProperties) = preSolution
		HideSolutionNode = FALSE
	EndGlobalSection
	GlobalSection(ExtensibilityGlobals) = postSolution
		SolutionGuid = {210011C1-3261-48AA-812E-77488AFCFFF4}
	EndGlobalSection
EndGlobal
